# THIS IS AN AUTOGENERATED FILE. DO NOT EDIT THIS FILE DIRECTLY.
# yarn lockfile v1


"@angular/core@^10.2.5":
  version "10.2.5"
  resolved "https://registry.yarnpkg.com/@angular/core/-/core-10.2.5.tgz#2050b0dbb180aa98c2ec46bba6d4827565ba2a2d"
  dependencies:
    tslib "^2.0.0"

rxjs@^5.4.0:
  version "5.4.0"
  resolved "https://registry.yarnpkg.com/rxjs/-/rxjs-5.4.0.tgz#a7db14ab157f9d7aac6a56e655e7a3860d39bf26"
  dependencies:
    symbol-observable "^1.0.1"

symbol-observable@^1.0.1:
  version "1.0.4"
  resolved "https://registry.yarnpkg.com/symbol-observable/-/symbol-observable-1.0.4.tgz#29bf615d4aa7121bdd898b22d4b3f9bc4e2aa03d"

tslib@^2.0.0:
  version "2.6.2"
  resolved "https://registry.yarnpkg.com/tslib/-/tslib-2.6.2.tgz#703ac29425e7b37cd6fd456e92404d46d1f3e4ae"

typescript@^2.3.4:
  version "2.3.4"
  resolved "https://registry.yarnpkg.com/typescript/-/typescript-2.3.4.tgz#3d38321828231e434f287514959c37a82b629f42"

zone.js@^0.8.11:
  version "0.8.11"
  resolved "https://registry.yarnpkg.com/zone.js/-/zone.js-0.8.11.tgz#742befb17fbc49a571712b8c7d87e58ca26fd886"
